github.com/daaku/cssm v0.0.0-20241004095003-d589e1b8365a h1:FiK69nUz28WbWd2fAY/B3u0Gh3OijFLmYsMVPV1gwns=
github.com/daaku/cssm v0.0.0-20241004095003-d589e1b8365a/go.mod h1:0h0JS8ExCfMN5/f0kqhQmTIhCRF04ver7yWTBOJgAW0=
github.com/daaku/lands v1.0.0 h1:8t3VW0z9+1759kRT4p1aZ+R3EtZLvVNU5Gu12hxgAZ0=
github.com/daaku/lands v1.0.0/go.mod h1:/IhWphj5Ma3QSUzg4HJ85ENfLpCA+MqoNuAop2mfTwY=
github.com/daaku/livereload v1.0.1 h1:MZl3D9VBzo7n/8MZkneOFGU9NzW0DyfZ//yalhKU4to=
github.com/daaku/livereload v1.0.1/go.mod h1:d0yg1CB/B65B9EDZZc4WDaYswFJQ37ERNUjayh/iqq0=
github.com/davecgh/go-spew v0.0.0-20161028175848-04cdfd42973b h1:XxMZvQZtTXpWMNWK82vdjCLCe7uGMFXdTsJH0v3Hkvw=
github.com/davecgh/go-spew v0.0.0-20161028175848-04cdfd42973b/go.mod h1:J7Y8YcW2NihsgmVo/mv3lAwl/skON4iLHjSsI+c5H38=
github.com/maragudk/gomponents v0.22.0 h1:0gNrSDC1nM6w0Vxj5wgGXqV8frDH9UVPE+dEyy4ApPQ=
github.com/maragudk/gomponents v0.22.0/go.mod h1:nHkNnZL6ODgMBeJhrZjkMHVvNdoYsfmpKB2/hjdQ0Hg=
github.com/pmezard/go-difflib v0.0.0-20151028094244-d8ed2627bdf0 h1:GD+A8+e+wFkqje55/2fOVnZPkoDIu1VooBWfNrnY8Uo=
github.com/pmezard/go-difflib v0.0.0-20151028094244-d8ed2627bdf0/go.mod h1:iKH77koFhYxTK1pcRnkKkqfTogsbg7gZNVY4sRDYZ/4=
github.com/sanity-io/litter v1.5.5 h1:iE+sBxPBzoK6uaEP5Lt3fHNgpKcHXc/A2HGETy0uJQo=
github.com/sanity-io/litter v1.5.5/go.mod h1:9gzJgR2i4ZpjZHsKvUXIRQVk7P+yM3e+jAF7bU2UI5U=
github.com/stretchr/testify v0.0.0-20161117074351-18a02ba4a312 h1:UsFdQ3ZmlzS0BqZYGxvYaXvFGUbCmPGy8DM7qWJJiIQ=
github.com/stretchr/testify v0.0.0-20161117074351-18a02ba4a312/go.mod h1:a8OnRcib4nhh0OaRAV+Yts87kKdq0PP7pXfy6kDkUVs=
github.com/tdewolff/parse/v2 v2.7.18 h1:uSqjEMT2lwCj5oifBHDcWU2kN1pbLrRENgFWDJa57eI=
github.com/tdewolff/parse/v2 v2.7.18/go.mod h1:3FbJWZp3XT9OWVN3Hmfp0p/a08v4h8J9W1aghka0soA=
github.com/tdewolff/test v1.0.11-0.20231101010635-f1265d231d52 h1:gAQliwn+zJrkjAHVcBEYW/RFvd2St4yYimisvozAYlA=
github.com/tdewolff/test v1.0.11-0.20231101010635-f1265d231d52/go.mod h1:6DAvZliBAAnD7rhVgwaM7DE5/d9NMOAJ09SqYqeK4QE=
